<Solution>
  <Project Path="TrekFr.Api/TrekFr.Api.csproj" />
  <Project Path="TrekFr.Core/TrekFr.Core.csproj" />
  <Project Path="TrekFr.Data/TrekFr.Data.csproj" />
  <Project Path="TrekFr.Infrastructure/TrekFr.Infrastructure.csproj" />
  <Project Path="tools/BuildCommunes/BuildCommunes.csproj" />
</Solution>
